// !$*UTF8*$!
{
	archiveVersion = 1;
	classes = {
	};
	objectVersion = 56;
	objects = {

/* Begin PBXBuildFile section */
		F52EAB482C603815006B1408 /* AnnouncementsView.swift in Sources */ = {isa = PBXBuildFile; fileRef = F52EAB472C603815006B1408 /* AnnouncementsView.swift */; };
		F52EAB4A2C603829006B1408 /* DonateView.swift in Sources */ = {isa = PBXBuildFile; fileRef = F52EAB492C603829006B1408 /* DonateView.swift */; };
		F52EAB4C2C603E66006B1408 /* SettingsView.swift in Sources */ = {isa = PBXBuildFile; fileRef = F52EAB4B2C603E66006B1408 /* SettingsView.swift */; };
		F52EAB4E2C603E75006B1408 /* EventsView.swift in Sources */ = {isa = PBXBuildFile; fileRef = F52EAB4D2C603E75006B1408 /* EventsView.swift */; };
		F5BA24182C602A1E00E468C6 /* MasjidLinkApp.swift in Sources */ = {isa = PBXBuildFile; fileRef = F5BA24172C602A1E00E468C6 /* MasjidLinkApp.swift */; };
		F5BA241A2C602A1E00E468C6 /* ContentView.swift in Sources */ = {isa = PBXBuildFile; fileRef = F5BA24192C602A1E00E468C6 /* ContentView.swift */; };
		F5BA241E2C602A1E00E468C6 /* Assets.xcassets in Resources */ = {isa = PBXBuildFile; fileRef = F5BA241D2C602A1E00E468C6 /* Assets.xcassets */; };
		F5BA24212C602A1E00E468C6 /* Preview Assets.xcassets in Resources */ = {isa = PBXBuildFile; fileRef = F5BA24202C602A1E00E468C6 /* Preview Assets.xcassets */; };
		F5BA242B2C602A1E00E468C6 /* MasjidLinkTests.swift in Sources */ = {isa = PBXBuildFile; fileRef = F5BA242A2C602A1E00E468C6 /* MasjidLinkTests.swift */; };
		F5BA24352C602A1E00E468C6 /* MasjidLinkUITests.swift in Sources */ = {isa = PBXBuildFile; fileRef = F5BA24342C602A1E00E468C6 /* MasjidLinkUITests.swift */; };
		F5BA24372C602A1E00E468C6 /* MasjidLinkUITestsLaunchTests.swift in Sources */ = {isa = PBXBuildFile; fileRef = F5BA24362C602A1E00E468C6 /* MasjidLinkUITestsLaunchTests.swift */; };
		F5BA24482C602EF600E468C6 /* NavBarView.swift in Sources */ = {isa = PBXBuildFile; fileRef = F5BA24472C602EF600E468C6 /* NavBarView.swift */; };
		F5BA244A2C6030B600E468C6 /* ButtonView.swift in Sources */ = {isa = PBXBuildFile; fileRef = F5BA24492C6030B600E468C6 /* ButtonView.swift */; };
		F5BA244C2C60323F00E468C6 /* PrayerTimesView.swift in Sources */ = {isa = PBXBuildFile; fileRef = F5BA244B2C60323F00E468C6 /* PrayerTimesView.swift */; };
		F5BA24502C6036D600E468C6 /* AppState.swift in Sources */ = {isa = PBXBuildFile; fileRef = F5BA244F2C6036D600E468C6 /* AppState.swift */; };
/* End PBXBuildFile section */

/* Begin PBXContainerItemProxy section */
		F5BA24272C602A1E00E468C6 /* PBXContainerItemProxy */ = {
			isa = PBXContainerItemProxy;
			containerPortal = F5BA240C2C602A1E00E468C6 /* Project object */;
			proxyType = 1;
			remoteGlobalIDString = F5BA24132C602A1E00E468C6;
			remoteInfo = MasjidLink;
		};
		F5BA24312C602A1E00E468C6 /* PBXContainerItemProxy */ = {
			isa = PBXContainerItemProxy;
			containerPortal = F5BA240C2C602A1E00E468C6 /* Project object */;
			proxyType = 1;
			remoteGlobalIDString = F5BA24132C602A1E00E468C6;
			remoteInfo = MasjidLink;
		};
/* End PBXContainerItemProxy section */

/* Begin PBXFileReference section */
		F52EAB472C603815006B1408 /* AnnouncementsView.swift */ = {isa = PBXFileReference; lastKnownFileType = sourcecode.swift; path = AnnouncementsView.swift; sourceTree = "<group>"; };
		F52EAB492C603829006B1408 /* DonateView.swift */ = {isa = PBXFileReference; lastKnownFileType = sourcecode.swift; path = DonateView.swift; sourceTree = "<group>"; };
		F52EAB4B2C603E66006B1408 /* SettingsView.swift */ = {isa = PBXFileReference; lastKnownFileType = sourcecode.swift; path = SettingsView.swift; sourceTree = "<group>"; };
		F52EAB4D2C603E75006B1408 /* EventsView.swift */ = {isa = PBXFileReference; lastKnownFileType = sourcecode.swift; path = EventsView.swift; sourceTree = "<group>"; };
		F5BA24142C602A1E00E468C6 /* MasjidLink.app */ = {isa = PBXFileReference; explicitFileType = wrapper.application; includeInIndex = 0; path = MasjidLink.app; sourceTree = BUILT_PRODUCTS_DIR; };
		F5BA24172C602A1E00E468C6 /* MasjidLinkApp.swift */ = {isa = PBXFileReference; lastKnownFileType = sourcecode.swift; path = MasjidLinkApp.swift; sourceTree = "<group>"; };
		F5BA24192C602A1E00E468C6 /* ContentView.swift */ = {isa = PBXFileReference; lastKnownFileType = sourcecode.swift; path = ContentView.swift; sourceTree = "<group>"; };
		F5BA241D2C602A1E00E468C6 /* Assets.xcassets */ = {isa = PBXFileReference; lastKnownFileType = folder.assetcatalog; path = Assets.xcassets; sourceTree = "<group>"; };
		F5BA24202C602A1E00E468C6 /* Preview Assets.xcassets */ = {isa = PBXFileReference; lastKnownFileType = folder.assetcatalog; path = "Preview Assets.xcassets"; sourceTree = "<group>"; };
		F5BA24262C602A1E00E468C6 /* MasjidLinkTests.xctest */ = {isa = PBXFileReference; explicitFileType = wrapper.cfbundle; includeInIndex = 0; path = MasjidLinkTests.xctest; sourceTree = BUILT_PRODUCTS_DIR; };
		F5BA242A2C602A1E00E468C6 /* MasjidLinkTests.swift */ = {isa = PBXFileReference; lastKnownFileType = sourcecode.swift; path = MasjidLinkTests.swift; sourceTree = "<group>"; };
		F5BA24302C602A1E00E468C6 /* MasjidLinkUITests.xctest */ = {isa = PBXFileReference; explicitFileType = wrapper.cfbundle; includeInIndex = 0; path = MasjidLinkUITests.xctest; sourceTree = BUILT_PRODUCTS_DIR; };
		F5BA24342C602A1E00E468C6 /* MasjidLinkUITests.swift */ = {isa = PBXFileReference; lastKnownFileType = sourcecode.swift; path = MasjidLinkUITests.swift; sourceTree = "<group>"; };
		F5BA24362C602A1E00E468C6 /* MasjidLinkUITestsLaunchTests.swift */ = {isa = PBXFileReference; lastKnownFileType = sourcecode.swift; path = MasjidLinkUITestsLaunchTests.swift; sourceTree = "<group>"; };
		F5BA24432C602CF200E468C6 /* README.md */ = {isa = PBXFileReference; lastKnownFileType = net.daringfireball.markdown; path = README.md; sourceTree = "<group>"; };
		F5BA24472C602EF600E468C6 /* NavBarView.swift */ = {isa = PBXFileReference; lastKnownFileType = sourcecode.swift; path = NavBarView.swift; sourceTree = "<group>"; };
		F5BA24492C6030B600E468C6 /* ButtonView.swift */ = {isa = PBXFileReference; lastKnownFileType = sourcecode.swift; path = ButtonView.swift; sourceTree = "<group>"; };
		F5BA244B2C60323F00E468C6 /* PrayerTimesView.swift */ = {isa = PBXFileReference; lastKnownFileType = sourcecode.swift; path = PrayerTimesView.swift; sourceTree = "<group>"; };
		F5BA244F2C6036D600E468C6 /* AppState.swift */ = {isa = PBXFileReference; lastKnownFileType = sourcecode.swift; path = AppState.swift; sourceTree = "<group>"; };
/* End PBXFileReference section */

/* Begin PBXFrameworksBuildPhase section */
		F5BA24112C602A1E00E468C6 /* Frameworks */ = {
			isa = PBXFrameworksBuildPhase;
			buildActionMask = 2147483647;
			files = (
			);
			runOnlyForDeploymentPostprocessing = 0;
		};
		F5BA24232C602A1E00E468C6 /* Frameworks */ = {
			isa = PBXFrameworksBuildPhase;
			buildActionMask = 2147483647;
			files = (
			);
			runOnlyForDeploymentPostprocessing = 0;
		};
		F5BA242D2C602A1E00E468C6 /* Frameworks */ = {
			isa = PBXFrameworksBuildPhase;
			buildActionMask = 2147483647;
			files = (
			);
			runOnlyForDeploymentPostprocessing = 0;
		};
/* End PBXFrameworksBuildPhase section */

/* Begin PBXGroup section */
		F5BA240B2C602A1E00E468C6 = {
			isa = PBXGroup;
			children = (
				F5BA24432C602CF200E468C6 /* README.md */,
				F5BA24162C602A1E00E468C6 /* MasjidLink */,
				F5BA24292C602A1E00E468C6 /* MasjidLinkTests */,
				F5BA24332C602A1E00E468C6 /* MasjidLinkUITests */,
				F5BA24152C602A1E00E468C6 /* Products */,
			);
			sourceTree = "<group>";
		};
		F5BA24152C602A1E00E468C6 /* Products */ = {
			isa = PBXGroup;
			children = (
				F5BA24142C602A1E00E468C6 /* MasjidLink.app */,
				F5BA24262C602A1E00E468C6 /* MasjidLinkTests.xctest */,
				F5BA24302C602A1E00E468C6 /* MasjidLinkUITests.xctest */,
			);
			name = Products;
			sourceTree = "<group>";
		};
		F5BA24162C602A1E00E468C6 /* MasjidLink */ = {
			isa = PBXGroup;
			children = (
				F5BA24462C602ED700E468C6 /* ViewModel */,
				F5BA24452C602ECE00E468C6 /* View */,
				F5BA24442C602EC500E468C6 /* Model */,
				F5BA24172C602A1E00E468C6 /* MasjidLinkApp.swift */,
				F5BA24192C602A1E00E468C6 /* ContentView.swift */,
				F5BA241D2C602A1E00E468C6 /* Assets.xcassets */,
				F5BA241F2C602A1E00E468C6 /* Preview Content */,
			);
			path = MasjidLink;
			sourceTree = "<group>";
		};
		F5BA241F2C602A1E00E468C6 /* Preview Content */ = {
			isa = PBXGroup;
			children = (
				F5BA24202C602A1E00E468C6 /* Preview Assets.xcassets */,
			);
			path = "Preview Content";
			sourceTree = "<group>";
		};
		F5BA24292C602A1E00E468C6 /* MasjidLinkTests */ = {
			isa = PBXGroup;
			children = (
				F5BA242A2C602A1E00E468C6 /* MasjidLinkTests.swift */,
			);
			path = MasjidLinkTests;
			sourceTree = "<group>";
		};
		F5BA24332C602A1E00E468C6 /* MasjidLinkUITests */ = {
			isa = PBXGroup;
			children = (
				F5BA24342C602A1E00E468C6 /* MasjidLinkUITests.swift */,
				F5BA24362C602A1E00E468C6 /* MasjidLinkUITestsLaunchTests.swift */,
			);
			path = MasjidLinkUITests;
			sourceTree = "<group>";
		};
		F5BA24442C602EC500E468C6 /* Model */ = {
			isa = PBXGroup;
			children = (
				F5BA244F2C6036D600E468C6 /* AppState.swift */,
			);
			path = Model;
			sourceTree = "<group>";
		};
		F5BA24452C602ECE00E468C6 /* View */ = {
			isa = PBXGroup;
			children = (
				F5BA24472C602EF600E468C6 /* NavBarView.swift */,
				F5BA24492C6030B600E468C6 /* ButtonView.swift */,
				F5BA244B2C60323F00E468C6 /* PrayerTimesView.swift */,
				F52EAB472C603815006B1408 /* AnnouncementsView.swift */,
				F52EAB492C603829006B1408 /* DonateView.swift */,
				F52EAB4B2C603E66006B1408 /* SettingsView.swift */,
				F52EAB4D2C603E75006B1408 /* EventsView.swift */,
			);
			path = View;
			sourceTree = "<group>";
		};
		F5BA24462C602ED700E468C6 /* ViewModel */ = {
			isa = PBXGroup;
			children = (
			);
			path = ViewModel;
			sourceTree = "<group>";
		};
/* End PBXGroup section */

/* Begin PBXNativeTarget section */
		F5BA24132C602A1E00E468C6 /* MasjidLink */ = {
			isa = PBXNativeTarget;
			buildConfigurationList = F5BA243A2C602A1E00E468C6 /* Build configuration list for PBXNativeTarget "MasjidLink" */;
			buildPhases = (
				F5BA24102C602A1E00E468C6 /* Sources */,
				F5BA24112C602A1E00E468C6 /* Frameworks */,
				F5BA24122C602A1E00E468C6 /* Resources */,
			);
			buildRules = (
			);
			dependencies = (
			);
			name = MasjidLink;
			productName = MasjidLink;
			productReference = F5BA24142C602A1E00E468C6 /* MasjidLink.app */;
			productType = "com.apple.product-type.application";
		};
		F5BA24252C602A1E00E468C6 /* MasjidLinkTests */ = {
			isa = PBXNativeTarget;
			buildConfigurationList = F5BA243D2C602A1E00E468C6 /* Build configuration list for PBXNativeTarget "MasjidLinkTests" */;
			buildPhases = (
				F5BA24222C602A1E00E468C6 /* Sources */,
				F5BA24232C602A1E00E468C6 /* Frameworks */,
				F5BA24242C602A1E00E468C6 /* Resources */,
			);
			buildRules = (
			);
			dependencies = (
				F5BA24282C602A1E00E468C6 /* PBXTargetDependency */,
			);
			name = MasjidLinkTests;
			productName = MasjidLinkTests;
			productReference = F5BA24262C602A1E00E468C6 /* MasjidLinkTests.xctest */;
			productType = "com.apple.product-type.bundle.unit-test";
		};
		F5BA242F2C602A1E00E468C6 /* MasjidLinkUITests */ = {
			isa = PBXNativeTarget;
			buildConfigurationList = F5BA24402C602A1E00E468C6 /* Build configuration list for PBXNativeTarget "MasjidLinkUITests" */;
			buildPhases = (
				F5BA242C2C602A1E00E468C6 /* Sources */,
				F5BA242D2C602A1E00E468C6 /* Frameworks */,
				F5BA242E2C602A1E00E468C6 /* Resources */,
			);
			buildRules = (
			);
			dependencies = (
				F5BA24322C602A1E00E468C6 /* PBXTargetDependency */,
			);
			name = MasjidLinkUITests;
			productName = MasjidLinkUITests;
			productReference = F5BA24302C602A1E00E468C6 /* MasjidLinkUITests.xctest */;
			productType = "com.apple.product-type.bundle.ui-testing";
		};
/* End PBXNativeTarget section */

/* Begin PBXProject section */
		F5BA240C2C602A1E00E468C6 /* Project object */ = {
			isa = PBXProject;
			attributes = {
				BuildIndependentTargetsInParallel = 1;
				LastSwiftUpdateCheck = 1540;
				LastUpgradeCheck = 1540;
				TargetAttributes = {
					F5BA24132C602A1E00E468C6 = {
						CreatedOnToolsVersion = 15.4;
					};
					F5BA24252C602A1E00E468C6 = {
						CreatedOnToolsVersion = 15.4;
						TestTargetID = F5BA24132C602A1E00E468C6;
					};
					F5BA242F2C602A1E00E468C6 = {
						CreatedOnToolsVersion = 15.4;
						TestTargetID = F5BA24132C602A1E00E468C6;
					};
				};
			};
			buildConfigurationList = F5BA240F2C602A1E00E468C6 /* Build configuration list for PBXProject "MasjidLink" */;
			compatibilityVersion = "Xcode 14.0";
			developmentRegion = en;
			hasScannedForEncodings = 0;
			knownRegions = (
				en,
				Base,
			);
			mainGroup = F5BA240B2C602A1E00E468C6;
			productRefGroup = F5BA24152C602A1E00E468C6 /* Products */;
			projectDirPath = "";
			projectRoot = "";
			targets = (
				F5BA24132C602A1E00E468C6 /* MasjidLink */,
				F5BA24252C602A1E00E468C6 /* MasjidLinkTests */,
				F5BA242F2C602A1E00E468C6 /* MasjidLinkUITests */,
			);
		};
/* End PBXProject section */

/* Begin PBXResourcesBuildPhase section */
		F5BA24122C602A1E00E468C6 /* Resources */ = {
			isa = PBXResourcesBuildPhase;
			buildActionMask = 2147483647;
			files = (
				F5BA24212C602A1E00E468C6 /* Preview Assets.xcassets in Resources */,
				F5BA241E2C602A1E00E468C6 /* Assets.xcassets in Resources */,
			);
			runOnlyForDeploymentPostprocessing = 0;
		};
		F5BA24242C602A1E00E468C6 /* Resources */ = {
			isa = PBXResourcesBuildPhase;
			buildActionMask = 2147483647;
			files = (
			);
			runOnlyForDeploymentPostprocessing = 0;
		};
		F5BA242E2C602A1E00E468C6 /* Resources */ = {
			isa = PBXResourcesBuildPhase;
			buildActionMask = 2147483647;
			files = (
			);
			runOnlyForDeploymentPostprocessing = 0;
		};
/* End PBXResourcesBuildPhase section */

/* Begin PBXSourcesBuildPhase section */
		F5BA24102C602A1E00E468C6 /* Sources */ = {
			isa = PBXSourcesBuildPhase;
			buildActionMask = 2147483647;
			files = (
				F5BA244C2C60323F00E468C6 /* PrayerTimesView.swift in Sources */,
				F52EAB4E2C603E75006B1408 /* EventsView.swift in Sources */,
				F5BA241A2C602A1E00E468C6 /* ContentView.swift in Sources */,
				F52EAB4A2C603829006B1408 /* DonateView.swift in Sources */,
				F52EAB4C2C603E66006B1408 /* SettingsView.swift in Sources */,
				F5BA24502C6036D600E468C6 /* AppState.swift in Sources */,
				F52EAB482C603815006B1408 /* AnnouncementsView.swift in Sources */,
				F5BA24482C602EF600E468C6 /* NavBarView.swift in Sources */,
				F5BA244A2C6030B600E468C6 /* ButtonView.swift in Sources */,
				F5BA24182C602A1E00E468C6 /* MasjidLinkApp.swift in Sources */,
			);
			runOnlyForDeploymentPostprocessing = 0;
		};
		F5BA24222C602A1E00E468C6 /* Sources */ = {
			isa = PBXSourcesBuildPhase;
			buildActionMask = 2147483647;
			files = (
				F5BA242B2C602A1E00E468C6 /* MasjidLinkTests.swift in Sources */,
			);
			runOnlyForDeploymentPostprocessing = 0;
		};
		F5BA242C2C602A1E00E468C6 /* Sources */ = {
			isa = PBXSourcesBuildPhase;
			buildActionMask = 2147483647;
			files = (
				F5BA24372C602A1E00E468C6 /* MasjidLinkUITestsLaunchTests.swift in Sources */,
				F5BA24352C602A1E00E468C6 /* MasjidLinkUITests.swift in Sources */,
			);
			runOnlyForDeploymentPostprocessing = 0;
		};
/* End PBXSourcesBuildPhase section */

/* Begin PBXTargetDependency section */
		F5BA24282C602A1E00E468C6 /* PBXTargetDependency */ = {
			isa = PBXTargetDependency;
			target = F5BA24132C602A1E00E468C6 /* MasjidLink */;
			targetProxy = F5BA24272C602A1E00E468C6 /* PBXContainerItemProxy */;
		};
		F5BA24322C602A1E00E468C6 /* PBXTargetDependency */ = {
			isa = PBXTargetDependency;
			target = F5BA24132C602A1E00E468C6 /* MasjidLink */;
			targetProxy = F5BA24312C602A1E00E468C6 /* PBXContainerItemProxy */;
		};
/* End PBXTargetDependency section */

/* Begin XCBuildConfiguration section */
		F5BA24382C602A1E00E468C6 /* Debug */ = {
			isa = XCBuildConfiguration;
			buildSettings = {
				ALWAYS_SEARCH_USER_PATHS = NO;
				ASSETCATALOG_COMPILER_GENERATE_SWIFT_ASSET_SYMBOL_EXTENSIONS = YES;
				CLANG_ANALYZER_NONNULL = YES;
				CLANG_ANALYZER_NUMBER_OBJECT_CONVERSION = YES_AGGRESSIVE;
				CLANG_CXX_LANGUAGE_STANDARD = "gnu++20";
				CLANG_ENABLE_MODULES = YES;
				CLANG_ENABLE_OBJC_ARC = YES;
				CLANG_ENABLE_OBJC_WEAK = YES;
				CLANG_WARN_BLOCK_CAPTURE_AUTORELEASING = YES;
				CLANG_WARN_BOOL_CONVERSION = YES;
				CLANG_WARN_COMMA = YES;
				CLANG_WARN_CONSTANT_CONVERSION = YES;
				CLANG_WARN_DEPRECATED_OBJC_IMPLEMENTATIONS = YES;
				CLANG_WARN_DIRECT_OBJC_ISA_USAGE = YES_ERROR;
				CLANG_WARN_DOCUMENTATION_COMMENTS = YES;
				CLANG_WARN_EMPTY_BODY = YES;
				CLANG_WARN_ENUM_CONVERSION = YES;
				CLANG_WARN_INFINITE_RECURSION = YES;
				CLANG_WARN_INT_CONVERSION = YES;
				CLANG_WARN_NON_LITERAL_NULL_CONVERSION = YES;
				CLANG_WARN_OBJC_IMPLICIT_RETAIN_SELF = YES;
				CLANG_WARN_OBJC_LITERAL_CONVERSION = YES;
				CLANG_WARN_OBJC_ROOT_CLASS = YES_ERROR;
				CLANG_WARN_QUOTED_INCLUDE_IN_FRAMEWORK_HEADER = YES;
				CLANG_WARN_RANGE_LOOP_ANALYSIS = YES;
				CLANG_WARN_STRICT_PROTOTYPES = YES;
				CLANG_WARN_SUSPICIOUS_MOVE = YES;
				CLANG_WARN_UNGUARDED_AVAILABILITY = YES_AGGRESSIVE;
				CLANG_WARN_UNREACHABLE_CODE = YES;
				CLANG_WARN__DUPLICATE_METHOD_MATCH = YES;
				COPY_PHASE_STRIP = NO;
				DEBUG_INFORMATION_FORMAT = dwarf;
				ENABLE_STRICT_OBJC_MSGSEND = YES;
				ENABLE_TESTABILITY = YES;
				ENABLE_USER_SCRIPT_SANDBOXING = YES;
				GCC_C_LANGUAGE_STANDARD = gnu17;
				GCC_DYNAMIC_NO_PIC = NO;
				GCC_NO_COMMON_BLOCKS = YES;
				GCC_OPTIMIZATION_LEVEL = 0;
				GCC_PREPROCESSOR_DEFINITIONS = (
					"DEBUG=1",
					"$(inherited)",
				);
				GCC_WARN_64_TO_32_BIT_CONVERSION = YES;
				GCC_WARN_ABOUT_RETURN_TYPE = YES_ERROR;
				GCC_WARN_UNDECLARED_SELECTOR = YES;
				GCC_WARN_UNINITIALIZED_AUTOS = YES_AGGRESSIVE;
				GCC_WARN_UNUSED_FUNCTION = YES;
				GCC_WARN_UNUSED_VARIABLE = YES;
				IPHONEOS_DEPLOYMENT_TARGET = 17.5;
				LOCALIZATION_PREFERS_STRING_CATALOGS = YES;
				MTL_ENABLE_DEBUG_INFO = INCLUDE_SOURCE;
				MTL_FAST_MATH = YES;
				ONLY_ACTIVE_ARCH = YES;
				SDKROOT = iphoneos;
				SWIFT_ACTIVE_COMPILATION_CONDITIONS = "DEBUG $(inherited)";
				SWIFT_OPTIMIZATION_LEVEL = "-Onone";
			};
			name = Debug;
		};
		F5BA24392C602A1E00E468C6 /* Release */ = {
			isa = XCBuildConfiguration;
			buildSettings = {
				ALWAYS_SEARCH_USER_PATHS = NO;
				ASSETCATALOG_COMPILER_GENERATE_SWIFT_ASSET_SYMBOL_EXTENSIONS = YES;
				CLANG_ANALYZER_NONNULL = YES;
				CLANG_ANALYZER_NUMBER_OBJECT_CONVERSION = YES_AGGRESSIVE;
				CLANG_CXX_LANGUAGE_STANDARD = "gnu++20";
				CLANG_ENABLE_MODULES = YES;
				CLANG_ENABLE_OBJC_ARC = YES;
				CLANG_ENABLE_OBJC_WEAK = YES;
				CLANG_WARN_BLOCK_CAPTURE_AUTORELEASING = YES;
				CLANG_WARN_BOOL_CONVERSION = YES;
				CLANG_WARN_COMMA = YES;
				CLANG_WARN_CONSTANT_CONVERSION = YES;
				CLANG_WARN_DEPRECATED_OBJC_IMPLEMENTATIONS = YES;
				CLANG_WARN_DIRECT_OBJC_ISA_USAGE = YES_ERROR;
				CLANG_WARN_DOCUMENTATION_COMMENTS = YES;
				CLANG_WARN_EMPTY_BODY = YES;
				CLANG_WARN_ENUM_CONVERSION = YES;
				CLANG_WARN_INFINITE_RECURSION = YES;
				CLANG_WARN_INT_CONVERSION = YES;
				CLANG_WARN_NON_LITERAL_NULL_CONVERSION = YES;
				CLANG_WARN_OBJC_IMPLICIT_RETAIN_SELF = YES;
				CLANG_WARN_OBJC_LITERAL_CONVERSION = YES;
				CLANG_WARN_OBJC_ROOT_CLASS = YES_ERROR;
				CLANG_WARN_QUOTED_INCLUDE_IN_FRAMEWORK_HEADER = YES;
				CLANG_WARN_RANGE_LOOP_ANALYSIS = YES;
				CLANG_WARN_STRICT_PROTOTYPES = YES;
				CLANG_WARN_SUSPICIOUS_MOVE = YES;
				CLANG_WARN_UNGUARDED_AVAILABILITY = YES_AGGRESSIVE;
				CLANG_WARN_UNREACHABLE_CODE = YES;
				CLANG_WARN__DUPLICATE_METHOD_MATCH = YES;
				COPY_PHASE_STRIP = NO;
				DEBUG_INFORMATION_FORMAT = "dwarf-with-dsym";
				ENABLE_NS_ASSERTIONS = NO;
				ENABLE_STRICT_OBJC_MSGSEND = YES;
				ENABLE_USER_SCRIPT_SANDBOXING = YES;
				GCC_C_LANGUAGE_STANDARD = gnu17;
				GCC_NO_COMMON_BLOCKS = YES;
				GCC_WARN_64_TO_32_BIT_CONVERSION = YES;
				GCC_WARN_ABOUT_RETURN_TYPE = YES_ERROR;
				GCC_WARN_UNDECLARED_SELECTOR = YES;
				GCC_WARN_UNINITIALIZED_AUTOS = YES_AGGRESSIVE;
				GCC_WARN_UNUSED_FUNCTION = YES;
				GCC_WARN_UNUSED_VARIABLE = YES;
				IPHONEOS_DEPLOYMENT_TARGET = 17.5;
				LOCALIZATION_PREFERS_STRING_CATALOGS = YES;
				MTL_ENABLE_DEBUG_INFO = NO;
				MTL_FAST_MATH = YES;
				SDKROOT = iphoneos;
				SWIFT_COMPILATION_MODE = wholemodule;
				VALIDATE_PRODUCT = YES;
			};
			name = Release;
		};
		F5BA243B2C602A1E00E468C6 /* Debug */ = {
			isa = XCBuildConfiguration;
			buildSettings = {
				ASSETCATALOG_COMPILER_APPICON_NAME = AppIcon;
				ASSETCATALOG_COMPILER_GLOBAL_ACCENT_COLOR_NAME = AccentColor;
				CODE_SIGN_STYLE = Automatic;
				CURRENT_PROJECT_VERSION = 1;
				DEVELOPMENT_ASSET_PATHS = "\"MasjidLink/Preview Content\"";
				DEVELOPMENT_TEAM = X3BWUVS2LW;
				ENABLE_PREVIEWS = YES;
				GENERATE_INFOPLIST_FILE = YES;
				INFOPLIST_KEY_UIApplicationSceneManifest_Generation = YES;
				INFOPLIST_KEY_UIApplicationSupportsIndirectInputEvents = YES;
				INFOPLIST_KEY_UILaunchScreen_Generation = YES;
				INFOPLIST_KEY_UISupportedInterfaceOrientations_iPad = "UIInterfaceOrientationPortrait UIInterfaceOrientationPortraitUpsideDown UIInterfaceOrientationLandscapeLeft UIInterfaceOrientationLandscapeRight";
				INFOPLIST_KEY_UISupportedInterfaceOrientations_iPhone = "UIInterfaceOrientationPortrait UIInterfaceOrientationLandscapeLeft UIInterfaceOrientationLandscapeRight";
				LD_RUNPATH_SEARCH_PATHS = (
					"$(inherited)",
					"@executable_path/Frameworks",
				);
				MARKETING_VERSION = 1.0;
				PRODUCT_BUNDLE_IDENTIFIER = com.islam.MasjidLink;
				PRODUCT_NAME = "$(TARGET_NAME)";
				SWIFT_EMIT_LOC_STRINGS = YES;
				SWIFT_VERSION = 5.0;
				TARGETED_DEVICE_FAMILY = "1,2";
			};
			name = Debug;
		};
		F5BA243C2C602A1E00E468C6 /* Release */ = {
			isa = XCBuildConfiguration;
			buildSettings = {
				ASSETCATALOG_COMPILER_APPICON_NAME = AppIcon;
				ASSETCATALOG_COMPILER_GLOBAL_ACCENT_COLOR_NAME = AccentColor;
				CODE_SIGN_STYLE = Automatic;
				CURRENT_PROJECT_VERSION = 1;
				DEVELOPMENT_ASSET_PATHS = "\"MasjidLink/Preview Content\"";
				DEVELOPMENT_TEAM = X3BWUVS2LW;
				ENABLE_PREVIEWS = YES;
				GENERATE_INFOPLIST_FILE = YES;
				INFOPLIST_KEY_UIApplicationSceneManifest_Generation = YES;
				INFOPLIST_KEY_UIApplicationSupportsIndirectInputEvents = YES;
				INFOPLIST_KEY_UILaunchScreen_Generation = YES;
				INFOPLIST_KEY_UISupportedInterfaceOrientations_iPad = "UIInterfaceOrientationPortrait UIInterfaceOrientationPortraitUpsideDown UIInterfaceOrientationLandscapeLeft UIInterfaceOrientationLandscapeRight";
				INFOPLIST_KEY_UISupportedInterfaceOrientations_iPhone = "UIInterfaceOrientationPortrait UIInterfaceOrientationLandscapeLeft UIInterfaceOrientationLandscapeRight";
				LD_RUNPATH_SEARCH_PATHS = (
					"$(inherited)",
					"@executable_path/Frameworks",
				);
				MARKETING_VERSION = 1.0;
				PRODUCT_BUNDLE_IDENTIFIER = com.islam.MasjidLink;
				PRODUCT_NAME = "$(TARGET_NAME)";
				SWIFT_EMIT_LOC_STRINGS = YES;
				SWIFT_VERSION = 5.0;
				TARGETED_DEVICE_FAMILY = "1,2";
			};
			name = Release;
		};
		F5BA243E2C602A1E00E468C6 /* Debug */ = {
			isa = XCBuildConfiguration;
			buildSettings = {
				ALWAYS_EMBED_SWIFT_STANDARD_LIBRARIES = YES;
				BUNDLE_LOADER = "$(TEST_HOST)";
				CODE_SIGN_STYLE = Automatic;
				CURRENT_PROJECT_VERSION = 1;
				DEVELOPMENT_TEAM = X3BWUVS2LW;
				GENERATE_INFOPLIST_FILE = YES;
				IPHONEOS_DEPLOYMENT_TARGET = 17.5;
				MARKETING_VERSION = 1.0;
				PRODUCT_BUNDLE_IDENTIFIER = com.islam.MasjidLinkTests;
				PRODUCT_NAME = "$(TARGET_NAME)";
				SWIFT_EMIT_LOC_STRINGS = NO;
				SWIFT_VERSION = 5.0;
				TARGETED_DEVICE_FAMILY = "1,2";
				TEST_HOST = "$(BUILT_PRODUCTS_DIR)/MasjidLink.app/$(BUNDLE_EXECUTABLE_FOLDER_PATH)/MasjidLink";
			};
			name = Debug;
		};
		F5BA243F2C602A1E00E468C6 /* Release */ = {
			isa = XCBuildConfiguration;
			buildSettings = {
				ALWAYS_EMBED_SWIFT_STANDARD_LIBRARIES = YES;
				BUNDLE_LOADER = "$(TEST_HOST)";
				CODE_SIGN_STYLE = Automatic;
				CURRENT_PROJECT_VERSION = 1;
				DEVELOPMENT_TEAM = X3BWUVS2LW;
				GENERATE_INFOPLIST_FILE = YES;
				IPHONEOS_DEPLOYMENT_TARGET = 17.5;
				MARKETING_VERSION = 1.0;
				PRODUCT_BUNDLE_IDENTIFIER = com.islam.MasjidLinkTests;
				PRODUCT_NAME = "$(TARGET_NAME)";
				SWIFT_EMIT_LOC_STRINGS = NO;
				SWIFT_VERSION = 5.0;
				TARGETED_DEVICE_FAMILY = "1,2";
				TEST_HOST = "$(BUILT_PRODUCTS_DIR)/MasjidLink.app/$(BUNDLE_EXECUTABLE_FOLDER_PATH)/MasjidLink";
			};
			name = Release;
		};
		F5BA24412C602A1E00E468C6 /* Debug */ = {
			isa = XCBuildConfiguration;
			buildSettings = {
				ALWAYS_EMBED_SWIFT_STANDARD_LIBRARIES = YES;
				CODE_SIGN_STYLE = Automatic;
				CURRENT_PROJECT_VERSION = 1;
				DEVELOPMENT_TEAM = X3BWUVS2LW;
				GENERATE_INFOPLIST_FILE = YES;
				MARKETING_VERSION = 1.0;
				PRODUCT_BUNDLE_IDENTIFIER = com.islam.MasjidLinkUITests;
				PRODUCT_NAME = "$(TARGET_NAME)";
				SWIFT_EMIT_LOC_STRINGS = NO;
				SWIFT_VERSION = 5.0;
				TARGETED_DEVICE_FAMILY = "1,2";
				TEST_TARGET_NAME = MasjidLink;
			};
			name = Debug;
		};
		F5BA24422C602A1E00E468C6 /* Release */ = {
			isa = XCBuildConfiguration;
			buildSettings = {
				ALWAYS_EMBED_SWIFT_STANDARD_LIBRARIES = YES;
				CODE_SIGN_STYLE = Automatic;
				CURRENT_PROJECT_VERSION = 1;
				DEVELOPMENT_TEAM = X3BWUVS2LW;
				GENERATE_INFOPLIST_FILE = YES;
				MARKETING_VERSION = 1.0;
				PRODUCT_BUNDLE_IDENTIFIER = com.islam.MasjidLinkUITests;
				PRODUCT_NAME = "$(TARGET_NAME)";
				SWIFT_EMIT_LOC_STRINGS = NO;
				SWIFT_VERSION = 5.0;
				TARGETED_DEVICE_FAMILY = "1,2";
				TEST_TARGET_NAME = MasjidLink;
			};
			name = Release;
		};
/* End XCBuildConfiguration section */

/* Begin XCConfigurationList section */
		F5BA240F2C602A1E00E468C6 /* Build configuration list for PBXProject "MasjidLink" */ = {
			isa = XCConfigurationList;
			buildConfigurations = (
				F5BA24382C602A1E00E468C6 /* Debug */,
				F5BA24392C602A1E00E468C6 /* Release */,
			);
			defaultConfigurationIsVisible = 0;
			defaultConfigurationName = Release;
		};
		F5BA243A2C602A1E00E468C6 /* Build configuration list for PBXNativeTarget "MasjidLink" */ = {
			isa = XCConfigurationList;
			buildConfigurations = (
				F5BA243B2C602A1E00E468C6 /* Debug */,
				F5BA243C2C602A1E00E468C6 /* Release */,
			);
			defaultConfigurationIsVisible = 0;
			defaultConfigurationName = Release;
		};
		F5BA243D2C602A1E00E468C6 /* Build configuration list for PBXNativeTarget "MasjidLinkTests" */ = {
			isa = XCConfigurationList;
			buildConfigurations = (
				F5BA243E2C602A1E00E468C6 /* Debug */,
				F5BA243F2C602A1E00E468C6 /* Release */,
			);
			defaultConfigurationIsVisible = 0;
			defaultConfigurationName = Release;
		};
		F5BA24402C602A1E00E468C6 /* Build configuration list for PBXNativeTarget "MasjidLinkUITests" */ = {
			isa = XCConfigurationList;
			buildConfigurations = (
				F5BA24412C602A1E00E468C6 /* Debug */,
				F5BA24422C602A1E00E468C6 /* Release */,
			);
			defaultConfigurationIsVisible = 0;
			defaultConfigurationName = Release;
		};
/* End XCConfigurationList section */
	};
	rootObject = F5BA240C2C602A1E00E468C6 /* Project object */;
}
